{
  "version": 1,
  "dependencies": {
    "net8.0": {
      "org.k2fsa.sherpa.onnx": {
        "type": "Direct",
        "requested": "[1.13.4, )",
        "resolved": "1.13.4",
        "contentHash": "IT+CJrER3K8VWYXZNuJR2ufaiWvzlAiD2njSaLtHCeizFk8UolLZKsuYcY+VWi3f/CO5AXNrNGu7kMmpz+EkGQ==",
        "dependencies": {
          "org.k2fsa.sherpa.onnx.runtime.android-arm64": "1.13.4",
          "org.k2fsa.sherpa.onnx.runtime.linux-arm64": "1.13.4",
          "org.k2fsa.sherpa.onnx.runtime.linux-x64": "1.13.4",
          "org.k2fsa.sherpa.onnx.runtime.osx-arm64": "1.13.4",
          "org.k2fsa.sherpa.onnx.runtime.osx-x64": "1.13.4",
          "org.k2fsa.sherpa.onnx.runtime.win-arm64": "1.13.4",
          "org.k2fsa.sherpa.onnx.runtime.win-x64": "1.13.4",
          "org.k2fsa.sherpa.onnx.runtime.win-x86": "1.13.4"
        }
      },
      "SharpCompress": {
        "type": "Direct",
        "requested": "[0.50.0, )",
        "resolved": "0.50.0",
        "contentHash": "EzoWIzA31rb/kADwHkcmdT1rzqnT91kR/Df8X/gqd3qvXhgMbCzyKIWH6M3LTDwPIr0uLoXfX9fvThidXHBdyQ=="
      },
      "org.k2fsa.sherpa.onnx.runtime.android-arm64": {
        "type": "Transitive",
        "resolved": "1.13.4",
        "contentHash": "Z1CxJ86yz0ZTihW0wdNmMVMtHUeddzH/dzEATTOpqpePM9Mam2aQEuIkwIt23KxgLzrqqSDHnThLp7vR1ve+zQ=="
      },
      "org.k2fsa.sherpa.onnx.runtime.linux-arm64": {
        "type": "Transitive",
        "resolved": "1.13.4",
        "contentHash": "ByuOqzOZumY5kMA+zF2HWLCr9KudwWi6Z1lfkgjx6W+RrglRwqBGm2esc6817VZ2Uk1eBZ4N7LP8rryZ31t8Vg=="
      },
      "org.k2fsa.sherpa.onnx.runtime.linux-x64": {
        "type": "Transitive",
        "resolved": "1.13.4",
        "contentHash": "ow80s8w4jDkq9RpUwhS0S4TEXVgk20ywYtaKEAMbMLFFSmThjwel1hbCXxrzc16zjkMHsVuxYVf/BMGdAB6Lig=="
      },
      "org.k2fsa.sherpa.onnx.runtime.osx-arm64": {
        "type": "Transitive",
        "resolved": "1.13.4",
        "contentHash": "YxDNdmQQj0Wj9IVgVG8iiPaEkJcGuVyk6F2l9+V7Kpj88ElsfqCIwno50CLpiVBAoQJzrpnnn+DlSlOJgffK8g=="
      },
      "org.k2fsa.sherpa.onnx.runtime.osx-x64": {
        "type": "Transitive",
        "resolved": "1.13.4",
        "contentHash": "TXY2HI7zJigU80pxb1ZBByHHqBzOWEouP+NScYnmBP2WIUWQ0fAmizmMYOyko8izqRwozVRrdA5O7ZgAsvLF8w=="
      },
      "org.k2fsa.sherpa.onnx.runtime.win-arm64": {
        "type": "Transitive",
        "resolved": "1.13.4",
        "contentHash": "NE/VCE1I6E4IvifCDv5oa9p5M7JatLAMSg7qdD2yz6W0GeykSF65UKn5o32o4FrUOteXjvJpMHIqGzLOa6SRQA=="
      },
      "org.k2fsa.sherpa.onnx.runtime.win-x64": {
        "type": "Transitive",
        "resolved": "1.13.4",
        "contentHash": "HETGez6u+K+h7YF8nE40iXWrEjOIKDASGqlqP8dOJf5THMpEUmRlxgr9Mvlu7bg0TeAUI3gdBDY3Ejhwdl1HNw=="
      },
      "org.k2fsa.sherpa.onnx.runtime.win-x86": {
        "type": "Transitive",
        "resolved": "1.13.4",
        "contentHash": "/sl2z1Tvhvated2kS9KWV4GBEv0tgW6F/2t+3HAYJzO0cWNs7onCQHpuc/egxsFQHYo7G8DVWyQWtsfICkDFaQ=="
      }
    },
    "net8.0/win-x64": {
      "org.k2fsa.sherpa.onnx.runtime.android-arm64": {
        "type": "Transitive",
        "resolved": "1.13.4",
        "contentHash": "Z1CxJ86yz0ZTihW0wdNmMVMtHUeddzH/dzEATTOpqpePM9Mam2aQEuIkwIt23KxgLzrqqSDHnThLp7vR1ve+zQ=="
      },
      "org.k2fsa.sherpa.onnx.runtime.linux-arm64": {
        "type": "Transitive",
        "resolved": "1.13.4",
        "contentHash": "ByuOqzOZumY5kMA+zF2HWLCr9KudwWi6Z1lfkgjx6W+RrglRwqBGm2esc6817VZ2Uk1eBZ4N7LP8rryZ31t8Vg=="
      },
      "org.k2fsa.sherpa.onnx.runtime.linux-x64": {
        "type": "Transitive",
        "resolved": "1.13.4",
        "contentHash": "ow80s8w4jDkq9RpUwhS0S4TEXVgk20ywYtaKEAMbMLFFSmThjwel1hbCXxrzc16zjkMHsVuxYVf/BMGdAB6Lig=="
      },
      "org.k2fsa.sherpa.onnx.runtime.osx-arm64": {
        "type": "Transitive",
        "resolved": "1.13.4",
        "contentHash": "YxDNdmQQj0Wj9IVgVG8iiPaEkJcGuVyk6F2l9+V7Kpj88ElsfqCIwno50CLpiVBAoQJzrpnnn+DlSlOJgffK8g=="
      },
      "org.k2fsa.sherpa.onnx.runtime.osx-x64": {
        "type": "Transitive",
        "resolved": "1.13.4",
        "contentHash": "TXY2HI7zJigU80pxb1ZBByHHqBzOWEouP+NScYnmBP2WIUWQ0fAmizmMYOyko8izqRwozVRrdA5O7ZgAsvLF8w=="
      },
      "org.k2fsa.sherpa.onnx.runtime.win-arm64": {
        "type": "Transitive",
        "resolved": "1.13.4",
        "contentHash": "NE/VCE1I6E4IvifCDv5oa9p5M7JatLAMSg7qdD2yz6W0GeykSF65UKn5o32o4FrUOteXjvJpMHIqGzLOa6SRQA=="
      },
      "org.k2fsa.sherpa.onnx.runtime.win-x64": {
        "type": "Transitive",
        "resolved": "1.13.4",
        "contentHash": "HETGez6u+K+h7YF8nE40iXWrEjOIKDASGqlqP8dOJf5THMpEUmRlxgr9Mvlu7bg0TeAUI3gdBDY3Ejhwdl1HNw=="
      },
      "org.k2fsa.sherpa.onnx.runtime.win-x86": {
        "type": "Transitive",
        "resolved": "1.13.4",
        "contentHash": "/sl2z1Tvhvated2kS9KWV4GBEv0tgW6F/2t+3HAYJzO0cWNs7onCQHpuc/egxsFQHYo7G8DVWyQWtsfICkDFaQ=="
      }
    }
  }
}